github.com/MakeNowJust/heredoc/v2 v2.0.1 h1:rlCHh70XXXv7toz95ajQWOWQnN4WNLt0TdpZYIR/J6A=
github.com/MakeNowJust/heredoc/v2 v2.0.1/go.mod h1:6/2Abh5s+hc3g9nbWLe9ObDIOhaRrqsyY9MWy+4JdRM=
golang.org/x/net v0.0.0-20220425223048-2871e0cb64e4 h1:HVyaeDAYux4pnY+D/SiwmLOR36ewZ4iGQIIrtnuCjFA=
golang.org/x/net v0.0.0-20220425223048-2871e0cb64e4/go.mod h1:CfG3xpIq0wQ8r1q4Su4UZFWDARRcnwPjda9FqA0JpMk=
